
Microsoft Visual Studio Solution File, Format Version 12.00
# Visual Studio Version 16
VisualStudioVersion = 16.0.34601.136
MinimumVisualStudioVersion = 10.0.40219.1
Project("{FAE04EC0-301F-11D3-BF4B-00C04F79EFBC}") = "ExpenseTracker", "ExpenseTracker.csproj", "{E17687F3-0C12-481F-8A56-43D38FC72F67}"
EndProject
Project("{FAE04EC0-301F-11D3-BF4B-00C04F79EFBC}") = "UnitTestExpenseTracker", "..\UnitTestExpenseTracker\UnitTestExpenseTracker.csproj", "{1E15A13B-E4B5-40BC-9B1D-9C53919AA19B}"
EndProject
Global
	GlobalSection(SolutionConfigurationPlatforms) = preSolution
		Debug|Any CPU = Debug|Any CPU
		Release|Any CPU = Release|Any CPU
	EndGlobalSection
	GlobalSection(ProjectConfigurationPlatforms) = postSolution
		{E17687F3-0C12-481F-8A56-43D38FC72F67}.Debug|Any CPU.ActiveCfg = Debug|Any CPU
		{E17687F3-0C12-481F-8A56-43D38FC72F67}.Debug|Any CPU.Build.0 = Debug|Any CPU
		{E17687F3-0C12-481F-8A56-43D38FC72F67}.Release|Any CPU.ActiveCfg = Release|Any CPU
		{E17687F3-0C12-481F-8A56-43D38FC72F67}.Release|Any CPU.Build.0 = Release|Any CPU
		{1E15A13B-E4B5-40BC-9B1D-9C53919AA19B}.Debug|Any CPU.ActiveCfg = Debug|Any CPU
		{1E15A13B-E4B5-40BC-9B1D-9C53919AA19B}.Debug|Any CPU.Build.0 = Debug|Any CPU
		{1E15A13B-E4B5-40BC-9B1D-9C53919AA19B}.Release|Any CPU.ActiveCfg = Release|Any CPU
		{1E15A13B-E4B5-40BC-9B1D-9C53919AA19B}.Release|Any CPU.Build.0 = Release|Any CPU
	EndGlobalSection
	GlobalSection(SolutionProperties) = preSolution
		HideSolutionNode = FALSE
	EndGlobalSection
	GlobalSection(ExtensibilityGlobals) = postSolution
		SolutionGuid = {70471A15-342F-4EC4-BA1D-C00843BE859D}
	EndGlobalSection
EndGlobal
